
Microsoft Visual Studio Solution File, Format Version 12.00
# Visual Studio Version 17
VisualStudioVersion = 17.0.31912.275
MinimumVisualStudioVersion = 10.0.40219.1
Project("{FAE04EC0-301F-11D3-BF4B-00C04F79EFBC}") = "11_Task", "11_Task\11_Task.csproj", "{0FDC03F0-A246-4271-92B2-652DCD747D9E}"
EndProject
Global
	GlobalSection(SolutionConfigurationPlatforms) = preSolution
		Debug|Any CPU = Debug|Any CPU
		Release|Any CPU = Release|Any CPU
	EndGlobalSection
	GlobalSection(ProjectConfigurationPlatforms) = postSolution
		{0FDC03F0-A246-4271-92B2-652DCD747D9E}.Debug|Any CPU.ActiveCfg = Debug|Any CPU
		{0FDC03F0-A246-4271-92B2-652DCD747D9E}.Debug|Any CPU.Build.0 = Debug|Any CPU
		{0FDC03F0-A246-4271-92B2-652DCD747D9E}.Release|Any CPU.ActiveCfg = Release|Any CPU
		{0FDC03F0-A246-4271-92B2-652DCD747D9E}.Release|Any CPU.Build.0 = Release|Any CPU
	EndGlobalSection
	GlobalSection(SolutionProperties) = preSolution
		HideSolutionNode = FALSE
	EndGlobalSection
	GlobalSection(ExtensibilityGlobals) = postSolution
		SolutionGuid = {4BCBB9FD-52E5-4CC7-A1ED-87D62C969C33}
	EndGlobalSection
EndGlobal
